{
    "_readme": [
        "This file locks the dependencies of your project to a known state",
        "Read more about it at https://getcomposer.org/doc/01-basic-usage.md#composer-lock-the-lock-file",
        "This file is @generated automatically"
    ],
    "hash": "b62c6566f381a247290facd2c0d094e0",
    "content-hash": "9516367fb3991522034dc58c5297619d",
    "packages": [
        {
            "name": "onelogin/php-saml",
            "version": "2.10.7",
            "source": {
                "type": "git",
                "url": "https://github.com/onelogin/php-saml.git",
                "reference": "b41f731803f303879f50fa76276908088197731c"
            },
            "dist": {
                "type": "zip",
                "url": "https://api.github.com/repos/onelogin/php-saml/zipball/b41f731803f303879f50fa76276908088197731c",
                "reference": "b41f731803f303879f50fa76276908088197731c",
                "shasum": ""
            },
            "require": {
                "ext-dom": "*",
                "ext-mcrypt": "*",
                "ext-openssl": "*",
                "php": ">=5.3.2"
            },
            "require-dev": {
                "pdepend/pdepend": "1.1.0",
                "phploc/phploc": "*",
                "phpunit/phpunit": "4.8",
                "satooshi/php-coveralls": "1.0.1",
                "sebastian/phpcpd": "*",
                "squizlabs/php_codesniffer": "*"
            },
            "suggest": {
                "ext-gettext": "Install gettext and php5-gettext libs to handle translations",
                "ext-mcrypt": "Install mcrypt and php5-mcrypt libs in order to support encryption",
                "lib-openssl": "Install openssl lib in order to handle with x509 certs (require to support sign and encryption)"
            },
            "type": "library",
            "autoload": {
                "classmap": [
                    "extlib/xmlseclibs",
                    "lib/Saml",
                    "lib/Saml2"
                ]
            },
            "notification-url": "https://packagist.org/downloads/",
            "license": [
                "MIT"
            ],
            "description": "OneLogin PHP SAML Toolkit",
            "homepage": "https://onelogin.zendesk.com/hc/en-us/sections/200245634-SAML-Toolkits",
            "keywords": [
                "SAML2",
                "onelogin",
                "saml"
            ],
            "time": "2017-05-19 10:32:03"
        }
    ],
    "packages-dev": [],
    "aliases": [],
    "minimum-stability": "stable",
    "stability-flags": [],
    "prefer-stable": false,
    "prefer-lowest": false,
    "platform": [],
    "platform-dev": []
}
